// !$*UTF8*$!
{
	archiveVersion = 1;
	classes = {
	};
	objectVersion = 56;
	objects = {

/* Begin PBXBuildFile section */
		C9BB3E862C18489000C5CDC5 /* BreweriesApp.swift in Sources */ = {isa = PBXBuildFile; fileRef = C9BB3E852C18489000C5CDC5 /* BreweriesApp.swift */; };
		C9BB3E882C18489000C5CDC5 /* ContentView.swift in Sources */ = {isa = PBXBuildFile; fileRef = C9BB3E872C18489000C5CDC5 /* ContentView.swift */; };
		C9BB3E8A2C18489200C5CDC5 /* Assets.xcassets in Resources */ = {isa = PBXBuildFile; fileRef = C9BB3E892C18489200C5CDC5 /* Assets.xcassets */; };
		C9BB3E8D2C18489200C5CDC5 /* Preview Assets.xcassets in Resources */ = {isa = PBXBuildFile; fileRef = C9BB3E8C2C18489200C5CDC5 /* Preview Assets.xcassets */; };
		C9BB3E972C18489200C5CDC5 /* BreweriesTests.swift in Sources */ = {isa = PBXBuildFile; fileRef = C9BB3E962C18489200C5CDC5 /* BreweriesTests.swift */; };
		C9BB3EA12C18489200C5CDC5 /* BreweriesUITests.swift in Sources */ = {isa = PBXBuildFile; fileRef = C9BB3EA02C18489200C5CDC5 /* BreweriesUITests.swift */; };
		C9BB3EA32C18489200C5CDC5 /* BreweriesUITestsLaunchTests.swift in Sources */ = {isa = PBXBuildFile; fileRef = C9BB3EA22C18489200C5CDC5 /* BreweriesUITestsLaunchTests.swift */; };
		C9BB3EB62C184FB900C5CDC5 /* BreweryWebAdaptor.swift in Sources */ = {isa = PBXBuildFile; fileRef = C9BB3EB42C184D8A00C5CDC5 /* BreweryWebAdaptor.swift */; };
		C9BB3EBC2C1854E600C5CDC5 /* BreweryLightweight.swift in Sources */ = {isa = PBXBuildFile; fileRef = C9BB3EBB2C1854E600C5CDC5 /* BreweryLightweight.swift */; };
		C9BB3EC02C1855F900C5CDC5 /* BreweryDetailView.swift in Sources */ = {isa = PBXBuildFile; fileRef = C9BB3EBF2C1855F900C5CDC5 /* BreweryDetailView.swift */; };
/* End PBXBuildFile section */

/* Begin PBXContainerItemProxy section */
		C9BB3E932C18489200C5CDC5 /* PBXContainerItemProxy */ = {
			isa = PBXContainerItemProxy;
			containerPortal = C9BB3E7A2C18489000C5CDC5 /* Project object */;
			proxyType = 1;
			remoteGlobalIDString = C9BB3E812C18489000C5CDC5;
			remoteInfo = Breweries;
		};
		C9BB3E9D2C18489200C5CDC5 /* PBXContainerItemProxy */ = {
			isa = PBXContainerItemProxy;
			containerPortal = C9BB3E7A2C18489000C5CDC5 /* Project object */;
			proxyType = 1;
			remoteGlobalIDString = C9BB3E812C18489000C5CDC5;
			remoteInfo = Breweries;
		};
/* End PBXContainerItemProxy section */

/* Begin PBXFileReference section */
		C9BB3E822C18489000C5CDC5 /* Breweries.app */ = {isa = PBXFileReference; explicitFileType = wrapper.application; includeInIndex = 0; path = Breweries.app; sourceTree = BUILT_PRODUCTS_DIR; };
		C9BB3E852C18489000C5CDC5 /* BreweriesApp.swift */ = {isa = PBXFileReference; lastKnownFileType = sourcecode.swift; path = BreweriesApp.swift; sourceTree = "<group>"; };
		C9BB3E872C18489000C5CDC5 /* ContentView.swift */ = {isa = PBXFileReference; lastKnownFileType = sourcecode.swift; path = ContentView.swift; sourceTree = "<group>"; };
		C9BB3E892C18489200C5CDC5 /* Assets.xcassets */ = {isa = PBXFileReference; lastKnownFileType = folder.assetcatalog; path = Assets.xcassets; sourceTree = "<group>"; };
		C9BB3E8C2C18489200C5CDC5 /* Preview Assets.xcassets */ = {isa = PBXFileReference; lastKnownFileType = folder.assetcatalog; path = "Preview Assets.xcassets"; sourceTree = "<group>"; };
		C9BB3E922C18489200C5CDC5 /* BreweriesTests.xctest */ = {isa = PBXFileReference; explicitFileType = wrapper.cfbundle; includeInIndex = 0; path = BreweriesTests.xctest; sourceTree = BUILT_PRODUCTS_DIR; };
		C9BB3E962C18489200C5CDC5 /* BreweriesTests.swift */ = {isa = PBXFileReference; lastKnownFileType = sourcecode.swift; path = BreweriesTests.swift; sourceTree = "<group>"; };
		C9BB3E9C2C18489200C5CDC5 /* BreweriesUITests.xctest */ = {isa = PBXFileReference; explicitFileType = wrapper.cfbundle; includeInIndex = 0; path = BreweriesUITests.xctest; sourceTree = BUILT_PRODUCTS_DIR; };
		C9BB3EA02C18489200C5CDC5 /* BreweriesUITests.swift */ = {isa = PBXFileReference; lastKnownFileType = sourcecode.swift; path = BreweriesUITests.swift; sourceTree = "<group>"; };
		C9BB3EA22C18489200C5CDC5 /* BreweriesUITestsLaunchTests.swift */ = {isa = PBXFileReference; lastKnownFileType = sourcecode.swift; path = BreweriesUITestsLaunchTests.swift; sourceTree = "<group>"; };
		C9BB3EB42C184D8A00C5CDC5 /* BreweryWebAdaptor.swift */ = {isa = PBXFileReference; lastKnownFileType = sourcecode.swift; path = BreweryWebAdaptor.swift; sourceTree = "<group>"; };
		C9BB3EBB2C1854E600C5CDC5 /* BreweryLightweight.swift */ = {isa = PBXFileReference; lastKnownFileType = sourcecode.swift; path = BreweryLightweight.swift; sourceTree = "<group>"; };
		C9BB3EBF2C1855F900C5CDC5 /* BreweryDetailView.swift */ = {isa = PBXFileReference; lastKnownFileType = sourcecode.swift; path = BreweryDetailView.swift; sourceTree = "<group>"; };
/* End PBXFileReference section */

/* Begin PBXFrameworksBuildPhase section */
		C9BB3E7F2C18489000C5CDC5 /* Frameworks */ = {
			isa = PBXFrameworksBuildPhase;
			buildActionMask = 2147483647;
			files = (
			);
			runOnlyForDeploymentPostprocessing = 0;
		};
		C9BB3E8F2C18489200C5CDC5 /* Frameworks */ = {
			isa = PBXFrameworksBuildPhase;
			buildActionMask = 2147483647;
			files = (
			);
			runOnlyForDeploymentPostprocessing = 0;
		};
		C9BB3E992C18489200C5CDC5 /* Frameworks */ = {
			isa = PBXFrameworksBuildPhase;
			buildActionMask = 2147483647;
			files = (
			);
			runOnlyForDeploymentPostprocessing = 0;
		};
/* End PBXFrameworksBuildPhase section */

/* Begin PBXGroup section */
		C9BB3E792C18489000C5CDC5 = {
			isa = PBXGroup;
			children = (
				C9BB3E842C18489000C5CDC5 /* Breweries */,
				C9BB3E952C18489200C5CDC5 /* BreweriesTests */,
				C9BB3E9F2C18489200C5CDC5 /* BreweriesUITests */,
				C9BB3E832C18489000C5CDC5 /* Products */,
			);
			sourceTree = "<group>";
		};
		C9BB3E832C18489000C5CDC5 /* Products */ = {
			isa = PBXGroup;
			children = (
				C9BB3E822C18489000C5CDC5 /* Breweries.app */,
				C9BB3E922C18489200C5CDC5 /* BreweriesTests.xctest */,
				C9BB3E9C2C18489200C5CDC5 /* BreweriesUITests.xctest */,
			);
			name = Products;
			sourceTree = "<group>";
		};
		C9BB3E842C18489000C5CDC5 /* Breweries */ = {
			isa = PBXGroup;
			children = (
				C9BB3EAF2C184C3800C5CDC5 /* Web */,
				C9BB3EB02C184C4700C5CDC5 /* View */,
				C9BB3EB12C184C7E00C5CDC5 /* Model */,
				C9BB3E852C18489000C5CDC5 /* BreweriesApp.swift */,
				C9BB3E892C18489200C5CDC5 /* Assets.xcassets */,
				C9BB3E8B2C18489200C5CDC5 /* Preview Content */,
			);
			path = Breweries;
			sourceTree = "<group>";
		};
		C9BB3E8B2C18489200C5CDC5 /* Preview Content */ = {
			isa = PBXGroup;
			children = (
				C9BB3E8C2C18489200C5CDC5 /* Preview Assets.xcassets */,
			);
			path = "Preview Content";
			sourceTree = "<group>";
		};
		C9BB3E952C18489200C5CDC5 /* BreweriesTests */ = {
			isa = PBXGroup;
			children = (
				C9BB3E962C18489200C5CDC5 /* BreweriesTests.swift */,
			);
			path = BreweriesTests;
			sourceTree = "<group>";
		};
		C9BB3E9F2C18489200C5CDC5 /* BreweriesUITests */ = {
			isa = PBXGroup;
			children = (
				C9BB3EA02C18489200C5CDC5 /* BreweriesUITests.swift */,
				C9BB3EA22C18489200C5CDC5 /* BreweriesUITestsLaunchTests.swift */,
			);
			path = BreweriesUITests;
			sourceTree = "<group>";
		};
		C9BB3EAF2C184C3800C5CDC5 /* Web */ = {
			isa = PBXGroup;
			children = (
				C9BB3EB42C184D8A00C5CDC5 /* BreweryWebAdaptor.swift */,
			);
			path = Web;
			sourceTree = "<group>";
		};
		C9BB3EB02C184C4700C5CDC5 /* View */ = {
			isa = PBXGroup;
			children = (
				C9BB3E872C18489000C5CDC5 /* ContentView.swift */,
				C9BB3EBF2C1855F900C5CDC5 /* BreweryDetailView.swift */,
			);
			path = View;
			sourceTree = "<group>";
		};
		C9BB3EB12C184C7E00C5CDC5 /* Model */ = {
			isa = PBXGroup;
			children = (
				C9BB3EBB2C1854E600C5CDC5 /* BreweryLightweight.swift */,
			);
			path = Model;
			sourceTree = "<group>";
		};
/* End PBXGroup section */

/* Begin PBXNativeTarget section */
		C9BB3E812C18489000C5CDC5 /* Breweries */ = {
			isa = PBXNativeTarget;
			buildConfigurationList = C9BB3EA62C18489200C5CDC5 /* Build configuration list for PBXNativeTarget "Breweries" */;
			buildPhases = (
				C9BB3E7E2C18489000C5CDC5 /* Sources */,
				C9BB3E7F2C18489000C5CDC5 /* Frameworks */,
				C9BB3E802C18489000C5CDC5 /* Resources */,
			);
			buildRules = (
			);
			dependencies = (
			);
			name = Breweries;
			productName = Breweries;
			productReference = C9BB3E822C18489000C5CDC5 /* Breweries.app */;
			productType = "com.apple.product-type.application";
		};
		C9BB3E912C18489200C5CDC5 /* BreweriesTests */ = {
			isa = PBXNativeTarget;
			buildConfigurationList = C9BB3EA92C18489200C5CDC5 /* Build configuration list for PBXNativeTarget "BreweriesTests" */;
			buildPhases = (
				C9BB3E8E2C18489200C5CDC5 /* Sources */,
				C9BB3E8F2C18489200C5CDC5 /* Frameworks */,
				C9BB3E902C18489200C5CDC5 /* Resources */,
			);
			buildRules = (
			);
			dependencies = (
				C9BB3E942C18489200C5CDC5 /* PBXTargetDependency */,
			);
			name = BreweriesTests;
			productName = BreweriesTests;
			productReference = C9BB3E922C18489200C5CDC5 /* BreweriesTests.xctest */;
			productType = "com.apple.product-type.bundle.unit-test";
		};
		C9BB3E9B2C18489200C5CDC5 /* BreweriesUITests */ = {
			isa = PBXNativeTarget;
			buildConfigurationList = C9BB3EAC2C18489200C5CDC5 /* Build configuration list for PBXNativeTarget "BreweriesUITests" */;
			buildPhases = (
				C9BB3E982C18489200C5CDC5 /* Sources */,
				C9BB3E992C18489200C5CDC5 /* Frameworks */,
				C9BB3E9A2C18489200C5CDC5 /* Resources */,
			);
			buildRules = (
			);
			dependencies = (
				C9BB3E9E2C18489200C5CDC5 /* PBXTargetDependency */,
			);
			name = BreweriesUITests;
			productName = BreweriesUITests;
			productReference = C9BB3E9C2C18489200C5CDC5 /* BreweriesUITests.xctest */;
			productType = "com.apple.product-type.bundle.ui-testing";
		};
/* End PBXNativeTarget section */

/* Begin PBXProject section */
		C9BB3E7A2C18489000C5CDC5 /* Project object */ = {
			isa = PBXProject;
			attributes = {
				BuildIndependentTargetsInParallel = 1;
				LastSwiftUpdateCheck = 1520;
				LastUpgradeCheck = 1520;
				TargetAttributes = {
					C9BB3E812C18489000C5CDC5 = {
						CreatedOnToolsVersion = 15.2;
					};
					C9BB3E912C18489200C5CDC5 = {
						CreatedOnToolsVersion = 15.2;
						TestTargetID = C9BB3E812C18489000C5CDC5;
					};
					C9BB3E9B2C18489200C5CDC5 = {
						CreatedOnToolsVersion = 15.2;
						TestTargetID = C9BB3E812C18489000C5CDC5;
					};
				};
			};
			buildConfigurationList = C9BB3E7D2C18489000C5CDC5 /* Build configuration list for PBXProject "Breweries" */;
			compatibilityVersion = "Xcode 14.0";
			developmentRegion = en;
			hasScannedForEncodings = 0;
			knownRegions = (
				en,
				Base,
			);
			mainGroup = C9BB3E792C18489000C5CDC5;
			productRefGroup = C9BB3E832C18489000C5CDC5 /* Products */;
			projectDirPath = "";
			projectRoot = "";
			targets = (
				C9BB3E812C18489000C5CDC5 /* Breweries */,
				C9BB3E912C18489200C5CDC5 /* BreweriesTests */,
				C9BB3E9B2C18489200C5CDC5 /* BreweriesUITests */,
			);
		};
/* End PBXProject section */

/* Begin PBXResourcesBuildPhase section */
		C9BB3E802C18489000C5CDC5 /* Resources */ = {
			isa = PBXResourcesBuildPhase;
			buildActionMask = 2147483647;
			files = (
				C9BB3E8D2C18489200C5CDC5 /* Preview Assets.xcassets in Resources */,
				C9BB3E8A2C18489200C5CDC5 /* Assets.xcassets in Resources */,
			);
			runOnlyForDeploymentPostprocessing = 0;
		};
		C9BB3E902C18489200C5CDC5 /* Resources */ = {
			isa = PBXResourcesBuildPhase;
			buildActionMask = 2147483647;
			files = (
			);
			runOnlyForDeploymentPostprocessing = 0;
		};
		C9BB3E9A2C18489200C5CDC5 /* Resources */ = {
			isa = PBXResourcesBuildPhase;
			buildActionMask = 2147483647;
			files = (
			);
			runOnlyForDeploymentPostprocessing = 0;
		};
/* End PBXResourcesBuildPhase section */

/* Begin PBXSourcesBuildPhase section */
		C9BB3E7E2C18489000C5CDC5 /* Sources */ = {
			isa = PBXSourcesBuildPhase;
			buildActionMask = 2147483647;
			files = (
				C9BB3EC02C1855F900C5CDC5 /* BreweryDetailView.swift in Sources */,
				C9BB3E882C18489000C5CDC5 /* ContentView.swift in Sources */,
				C9BB3E862C18489000C5CDC5 /* BreweriesApp.swift in Sources */,
				C9BB3EBC2C1854E600C5CDC5 /* BreweryLightweight.swift in Sources */,
				C9BB3EB62C184FB900C5CDC5 /* BreweryWebAdaptor.swift in Sources */,
			);
			runOnlyForDeploymentPostprocessing = 0;
		};
		C9BB3E8E2C18489200C5CDC5 /* Sources */ = {
			isa = PBXSourcesBuildPhase;
			buildActionMask = 2147483647;
			files = (
				C9BB3E972C18489200C5CDC5 /* BreweriesTests.swift in Sources */,
			);
			runOnlyForDeploymentPostprocessing = 0;
		};
		C9BB3E982C18489200C5CDC5 /* Sources */ = {
			isa = PBXSourcesBuildPhase;
			buildActionMask = 2147483647;
			files = (
				C9BB3EA12C18489200C5CDC5 /* BreweriesUITests.swift in Sources */,
				C9BB3EA32C18489200C5CDC5 /* BreweriesUITestsLaunchTests.swift in Sources */,
			);
			runOnlyForDeploymentPostprocessing = 0;
		};
/* End PBXSourcesBuildPhase section */

/* Begin PBXTargetDependency section */
		C9BB3E942C18489200C5CDC5 /* PBXTargetDependency */ = {
			isa = PBXTargetDependency;
			target = C9BB3E812C18489000C5CDC5 /* Breweries */;
			targetProxy = C9BB3E932C18489200C5CDC5 /* PBXContainerItemProxy */;
		};
		C9BB3E9E2C18489200C5CDC5 /* PBXTargetDependency */ = {
			isa = PBXTargetDependency;
			target = C9BB3E812C18489000C5CDC5 /* Breweries */;
			targetProxy = C9BB3E9D2C18489200C5CDC5 /* PBXContainerItemProxy */;
		};
/* End PBXTargetDependency section */

/* Begin XCBuildConfiguration section */
		C9BB3EA42C18489200C5CDC5 /* Debug */ = {
			isa = XCBuildConfiguration;
			buildSettings = {
				ALWAYS_SEARCH_USER_PATHS = NO;
				ASSETCATALOG_COMPILER_GENERATE_SWIFT_ASSET_SYMBOL_EXTENSIONS = YES;
				CLANG_ANALYZER_NONNULL = YES;
				CLANG_ANALYZER_NUMBER_OBJECT_CONVERSION = YES_AGGRESSIVE;
				CLANG_CXX_LANGUAGE_STANDARD = "gnu++20";
				CLANG_ENABLE_MODULES = YES;
				CLANG_ENABLE_OBJC_ARC = YES;
				CLANG_ENABLE_OBJC_WEAK = YES;
				CLANG_WARN_BLOCK_CAPTURE_AUTORELEASING = YES;
				CLANG_WARN_BOOL_CONVERSION = YES;
				CLANG_WARN_COMMA = YES;
				CLANG_WARN_CONSTANT_CONVERSION = YES;
				CLANG_WARN_DEPRECATED_OBJC_IMPLEMENTATIONS = YES;
				CLANG_WARN_DIRECT_OBJC_ISA_USAGE = YES_ERROR;
				CLANG_WARN_DOCUMENTATION_COMMENTS = YES;
				CLANG_WARN_EMPTY_BODY = YES;
				CLANG_WARN_ENUM_CONVERSION = YES;
				CLANG_WARN_INFINITE_RECURSION = YES;
				CLANG_WARN_INT_CONVERSION = YES;
				CLANG_WARN_NON_LITERAL_NULL_CONVERSION = YES;
				CLANG_WARN_OBJC_IMPLICIT_RETAIN_SELF = YES;
				CLANG_WARN_OBJC_LITERAL_CONVERSION = YES;
				CLANG_WARN_OBJC_ROOT_CLASS = YES_ERROR;
				CLANG_WARN_QUOTED_INCLUDE_IN_FRAMEWORK_HEADER = YES;
				CLANG_WARN_RANGE_LOOP_ANALYSIS = YES;
				CLANG_WARN_STRICT_PROTOTYPES = YES;
				CLANG_WARN_SUSPICIOUS_MOVE = YES;
				CLANG_WARN_UNGUARDED_AVAILABILITY = YES_AGGRESSIVE;
				CLANG_WARN_UNREACHABLE_CODE = YES;
				CLANG_WARN__DUPLICATE_METHOD_MATCH = YES;
				COPY_PHASE_STRIP = NO;
				DEBUG_INFORMATION_FORMAT = dwarf;
				ENABLE_STRICT_OBJC_MSGSEND = YES;
				ENABLE_TESTABILITY = YES;
				ENABLE_USER_SCRIPT_SANDBOXING = YES;
				GCC_C_LANGUAGE_STANDARD = gnu17;
				GCC_DYNAMIC_NO_PIC = NO;
				GCC_NO_COMMON_BLOCKS = YES;
				GCC_OPTIMIZATION_LEVEL = 0;
				GCC_PREPROCESSOR_DEFINITIONS = (
					"DEBUG=1",
					"$(inherited)",
				);
				GCC_WARN_64_TO_32_BIT_CONVERSION = YES;
				GCC_WARN_ABOUT_RETURN_TYPE = YES_ERROR;
				GCC_WARN_UNDECLARED_SELECTOR = YES;
				GCC_WARN_UNINITIALIZED_AUTOS = YES_AGGRESSIVE;
				GCC_WARN_UNUSED_FUNCTION = YES;
				GCC_WARN_UNUSED_VARIABLE = YES;
				IPHONEOS_DEPLOYMENT_TARGET = 17.2;
				LOCALIZATION_PREFERS_STRING_CATALOGS = YES;
				MTL_ENABLE_DEBUG_INFO = INCLUDE_SOURCE;
				MTL_FAST_MATH = YES;
				ONLY_ACTIVE_ARCH = YES;
				SDKROOT = iphoneos;
				SWIFT_ACTIVE_COMPILATION_CONDITIONS = "DEBUG $(inherited)";
				SWIFT_OPTIMIZATION_LEVEL = "-Onone";
			};
			name = Debug;
		};
		C9BB3EA52C18489200C5CDC5 /* Release */ = {
			isa = XCBuildConfiguration;
			buildSettings = {
				ALWAYS_SEARCH_USER_PATHS = NO;
				ASSETCATALOG_COMPILER_GENERATE_SWIFT_ASSET_SYMBOL_EXTENSIONS = YES;
				CLANG_ANALYZER_NONNULL = YES;
				CLANG_ANALYZER_NUMBER_OBJECT_CONVERSION = YES_AGGRESSIVE;
				CLANG_CXX_LANGUAGE_STANDARD = "gnu++20";
				CLANG_ENABLE_MODULES = YES;
				CLANG_ENABLE_OBJC_ARC = YES;
				CLANG_ENABLE_OBJC_WEAK = YES;
				CLANG_WARN_BLOCK_CAPTURE_AUTORELEASING = YES;
				CLANG_WARN_BOOL_CONVERSION = YES;
				CLANG_WARN_COMMA = YES;
				CLANG_WARN_CONSTANT_CONVERSION = YES;
				CLANG_WARN_DEPRECATED_OBJC_IMPLEMENTATIONS = YES;
				CLANG_WARN_DIRECT_OBJC_ISA_USAGE = YES_ERROR;
				CLANG_WARN_DOCUMENTATION_COMMENTS = YES;
				CLANG_WARN_EMPTY_BODY = YES;
				CLANG_WARN_ENUM_CONVERSION = YES;
				CLANG_WARN_INFINITE_RECURSION = YES;
				CLANG_WARN_INT_CONVERSION = YES;
				CLANG_WARN_NON_LITERAL_NULL_CONVERSION = YES;
				CLANG_WARN_OBJC_IMPLICIT_RETAIN_SELF = YES;
				CLANG_WARN_OBJC_LITERAL_CONVERSION = YES;
				CLANG_WARN_OBJC_ROOT_CLASS = YES_ERROR;
				CLANG_WARN_QUOTED_INCLUDE_IN_FRAMEWORK_HEADER = YES;
				CLANG_WARN_RANGE_LOOP_ANALYSIS = YES;
				CLANG_WARN_STRICT_PROTOTYPES = YES;
				CLANG_WARN_SUSPICIOUS_MOVE = YES;
				CLANG_WARN_UNGUARDED_AVAILABILITY = YES_AGGRESSIVE;
				CLANG_WARN_UNREACHABLE_CODE = YES;
				CLANG_WARN__DUPLICATE_METHOD_MATCH = YES;
				COPY_PHASE_STRIP = NO;
				DEBUG_INFORMATION_FORMAT = "dwarf-with-dsym";
				ENABLE_NS_ASSERTIONS = NO;
				ENABLE_STRICT_OBJC_MSGSEND = YES;
				ENABLE_USER_SCRIPT_SANDBOXING = YES;
				GCC_C_LANGUAGE_STANDARD = gnu17;
				GCC_NO_COMMON_BLOCKS = YES;
				GCC_WARN_64_TO_32_BIT_CONVERSION = YES;
				GCC_WARN_ABOUT_RETURN_TYPE = YES_ERROR;
				GCC_WARN_UNDECLARED_SELECTOR = YES;
				GCC_WARN_UNINITIALIZED_AUTOS = YES_AGGRESSIVE;
				GCC_WARN_UNUSED_FUNCTION = YES;
				GCC_WARN_UNUSED_VARIABLE = YES;
				IPHONEOS_DEPLOYMENT_TARGET = 17.2;
				LOCALIZATION_PREFERS_STRING_CATALOGS = YES;
				MTL_ENABLE_DEBUG_INFO = NO;
				MTL_FAST_MATH = YES;
				SDKROOT = iphoneos;
				SWIFT_COMPILATION_MODE = wholemodule;
				VALIDATE_PRODUCT = YES;
			};
			name = Release;
		};
		C9BB3EA72C18489200C5CDC5 /* Debug */ = {
			isa = XCBuildConfiguration;
			buildSettings = {
				ASSETCATALOG_COMPILER_APPICON_NAME = AppIcon;
				ASSETCATALOG_COMPILER_GLOBAL_ACCENT_COLOR_NAME = AccentColor;
				CODE_SIGN_STYLE = Automatic;
				CURRENT_PROJECT_VERSION = 1;
				DEVELOPMENT_ASSET_PATHS = "\"Breweries/Preview Content\"";
				ENABLE_PREVIEWS = YES;
				GENERATE_INFOPLIST_FILE = YES;
				INFOPLIST_KEY_UIApplicationSceneManifest_Generation = YES;
				INFOPLIST_KEY_UIApplicationSupportsIndirectInputEvents = YES;
				INFOPLIST_KEY_UILaunchScreen_Generation = YES;
				INFOPLIST_KEY_UISupportedInterfaceOrientations_iPad = "UIInterfaceOrientationPortrait UIInterfaceOrientationPortraitUpsideDown UIInterfaceOrientationLandscapeLeft UIInterfaceOrientationLandscapeRight";
				INFOPLIST_KEY_UISupportedInterfaceOrientations_iPhone = "UIInterfaceOrientationPortrait UIInterfaceOrientationLandscapeLeft UIInterfaceOrientationLandscapeRight";
				LD_RUNPATH_SEARCH_PATHS = (
					"$(inherited)",
					"@executable_path/Frameworks",
				);
				MARKETING_VERSION = 1.0;
				PRODUCT_BUNDLE_IDENTIFIER = raife.armstrong.com.Breweries;
				PRODUCT_NAME = "$(TARGET_NAME)";
				SWIFT_EMIT_LOC_STRINGS = YES;
				SWIFT_VERSION = 5.0;
				TARGETED_DEVICE_FAMILY = "1,2";
			};
			name = Debug;
		};
		C9BB3EA82C18489200C5CDC5 /* Release */ = {
			isa = XCBuildConfiguration;
			buildSettings = {
				ASSETCATALOG_COMPILER_APPICON_NAME = AppIcon;
				ASSETCATALOG_COMPILER_GLOBAL_ACCENT_COLOR_NAME = AccentColor;
				CODE_SIGN_STYLE = Automatic;
				CURRENT_PROJECT_VERSION = 1;
				DEVELOPMENT_ASSET_PATHS = "\"Breweries/Preview Content\"";
				ENABLE_PREVIEWS = YES;
				GENERATE_INFOPLIST_FILE = YES;
				INFOPLIST_KEY_UIApplicationSceneManifest_Generation = YES;
				INFOPLIST_KEY_UIApplicationSupportsIndirectInputEvents = YES;
				INFOPLIST_KEY_UILaunchScreen_Generation = YES;
				INFOPLIST_KEY_UISupportedInterfaceOrientations_iPad = "UIInterfaceOrientationPortrait UIInterfaceOrientationPortraitUpsideDown UIInterfaceOrientationLandscapeLeft UIInterfaceOrientationLandscapeRight";
				INFOPLIST_KEY_UISupportedInterfaceOrientations_iPhone = "UIInterfaceOrientationPortrait UIInterfaceOrientationLandscapeLeft UIInterfaceOrientationLandscapeRight";
				LD_RUNPATH_SEARCH_PATHS = (
					"$(inherited)",
					"@executable_path/Frameworks",
				);
				MARKETING_VERSION = 1.0;
				PRODUCT_BUNDLE_IDENTIFIER = raife.armstrong.com.Breweries;
				PRODUCT_NAME = "$(TARGET_NAME)";
				SWIFT_EMIT_LOC_STRINGS = YES;
				SWIFT_VERSION = 5.0;
				TARGETED_DEVICE_FAMILY = "1,2";
			};
			name = Release;
		};
		C9BB3EAA2C18489200C5CDC5 /* Debug */ = {
			isa = XCBuildConfiguration;
			buildSettings = {
				ALWAYS_EMBED_SWIFT_STANDARD_LIBRARIES = YES;
				BUNDLE_LOADER = "$(TEST_HOST)";
				CODE_SIGN_STYLE = Automatic;
				CURRENT_PROJECT_VERSION = 1;
				GENERATE_INFOPLIST_FILE = YES;
				IPHONEOS_DEPLOYMENT_TARGET = 17.2;
				MARKETING_VERSION = 1.0;
				PRODUCT_BUNDLE_IDENTIFIER = raife.armstrong.com.BreweriesTests;
				PRODUCT_NAME = "$(TARGET_NAME)";
				SWIFT_EMIT_LOC_STRINGS = NO;
				SWIFT_VERSION = 5.0;
				TARGETED_DEVICE_FAMILY = "1,2";
				TEST_HOST = "$(BUILT_PRODUCTS_DIR)/Breweries.app/$(BUNDLE_EXECUTABLE_FOLDER_PATH)/Breweries";
			};
			name = Debug;
		};
		C9BB3EAB2C18489200C5CDC5 /* Release */ = {
			isa = XCBuildConfiguration;
			buildSettings = {
				ALWAYS_EMBED_SWIFT_STANDARD_LIBRARIES = YES;
				BUNDLE_LOADER = "$(TEST_HOST)";
				CODE_SIGN_STYLE = Automatic;
				CURRENT_PROJECT_VERSION = 1;
				GENERATE_INFOPLIST_FILE = YES;
				IPHONEOS_DEPLOYMENT_TARGET = 17.2;
				MARKETING_VERSION = 1.0;
				PRODUCT_BUNDLE_IDENTIFIER = raife.armstrong.com.BreweriesTests;
				PRODUCT_NAME = "$(TARGET_NAME)";
				SWIFT_EMIT_LOC_STRINGS = NO;
				SWIFT_VERSION = 5.0;
				TARGETED_DEVICE_FAMILY = "1,2";
				TEST_HOST = "$(BUILT_PRODUCTS_DIR)/Breweries.app/$(BUNDLE_EXECUTABLE_FOLDER_PATH)/Breweries";
			};
			name = Release;
		};
		C9BB3EAD2C18489200C5CDC5 /* Debug */ = {
			isa = XCBuildConfiguration;
			buildSettings = {
				ALWAYS_EMBED_SWIFT_STANDARD_LIBRARIES = YES;
				CODE_SIGN_STYLE = Automatic;
				CURRENT_PROJECT_VERSION = 1;
				GENERATE_INFOPLIST_FILE = YES;
				MARKETING_VERSION = 1.0;
				PRODUCT_BUNDLE_IDENTIFIER = raife.armstrong.com.BreweriesUITests;
				PRODUCT_NAME = "$(TARGET_NAME)";
				SWIFT_EMIT_LOC_STRINGS = NO;
				SWIFT_VERSION = 5.0;
				TARGETED_DEVICE_FAMILY = "1,2";
				TEST_TARGET_NAME = Breweries;
			};
			name = Debug;
		};
		C9BB3EAE2C18489200C5CDC5 /* Release */ = {
			isa = XCBuildConfiguration;
			buildSettings = {
				ALWAYS_EMBED_SWIFT_STANDARD_LIBRARIES = YES;
				CODE_SIGN_STYLE = Automatic;
				CURRENT_PROJECT_VERSION = 1;
				GENERATE_INFOPLIST_FILE = YES;
				MARKETING_VERSION = 1.0;
				PRODUCT_BUNDLE_IDENTIFIER = raife.armstrong.com.BreweriesUITests;
				PRODUCT_NAME = "$(TARGET_NAME)";
				SWIFT_EMIT_LOC_STRINGS = NO;
				SWIFT_VERSION = 5.0;
				TARGETED_DEVICE_FAMILY = "1,2";
				TEST_TARGET_NAME = Breweries;
			};
			name = Release;
		};
/* End XCBuildConfiguration section */

/* Begin XCConfigurationList section */
		C9BB3E7D2C18489000C5CDC5 /* Build configuration list for PBXProject "Breweries" */ = {
			isa = XCConfigurationList;
			buildConfigurations = (
				C9BB3EA42C18489200C5CDC5 /* Debug */,
				C9BB3EA52C18489200C5CDC5 /* Release */,
			);
			defaultConfigurationIsVisible = 0;
			defaultConfigurationName = Release;
		};
		C9BB3EA62C18489200C5CDC5 /* Build configuration list for PBXNativeTarget "Breweries" */ = {
			isa = XCConfigurationList;
			buildConfigurations = (
				C9BB3EA72C18489200C5CDC5 /* Debug */,
				C9BB3EA82C18489200C5CDC5 /* Release */,
			);
			defaultConfigurationIsVisible = 0;
			defaultConfigurationName = Release;
		};
		C9BB3EA92C18489200C5CDC5 /* Build configuration list for PBXNativeTarget "BreweriesTests" */ = {
			isa = XCConfigurationList;
			buildConfigurations = (
				C9BB3EAA2C18489200C5CDC5 /* Debug */,
				C9BB3EAB2C18489200C5CDC5 /* Release */,
			);
			defaultConfigurationIsVisible = 0;
			defaultConfigurationName = Release;
		};
		C9BB3EAC2C18489200C5CDC5 /* Build configuration list for PBXNativeTarget "BreweriesUITests" */ = {
			isa = XCConfigurationList;
			buildConfigurations = (
				C9BB3EAD2C18489200C5CDC5 /* Debug */,
				C9BB3EAE2C18489200C5CDC5 /* Release */,
			);
			defaultConfigurationIsVisible = 0;
			defaultConfigurationName = Release;
		};
/* End XCConfigurationList section */
	};
	rootObject = C9BB3E7A2C18489000C5CDC5 /* Project object */;
}
